
Microsoft Visual Studio Solution File, Format Version 12.00
# Visual Studio Version 17
VisualStudioVersion = 17.0.31903.59
MinimumVisualStudioVersion = 10.0.40219.1
Project("{FAE04EC0-301F-11D3-BF4B-00C04F79EFBC}") = "WpfApp18", "WpfApp18.csproj", "{785C289B-0781-4C85-A417-95969632D816}"
EndProject
Global
	GlobalSection(SolutionConfigurationPlatforms) = preSolution
		Debug|Any CPU = Debug|Any CPU
		Release|Any CPU = Release|Any CPU
	EndGlobalSection
	GlobalSection(ProjectConfigurationPlatforms) = postSolution
		{785C289B-0781-4C85-A417-95969632D816}.Debug|Any CPU.ActiveCfg = Debug|Any CPU
		{785C289B-0781-4C85-A417-95969632D816}.Debug|Any CPU.Build.0 = Debug|Any CPU
		{785C289B-0781-4C85-A417-95969632D816}.Release|Any CPU.ActiveCfg = Release|Any CPU
		{785C289B-0781-4C85-A417-95969632D816}.Release|Any CPU.Build.0 = Release|Any CPU
	EndGlobalSection
	GlobalSection(SolutionProperties) = preSolution
		HideSolutionNode = FALSE
	EndGlobalSection
	GlobalSection(ExtensibilityGlobals) = postSolution
		SolutionGuid = {E19467FE-21D2-4F4D-B881-60274859D9ED}
	EndGlobalSection
EndGlobal
